
Microsoft Visual Studio Solution File, Format Version 12.00
# Visual Studio Version 17
VisualStudioVersion = 17.9.34728.123
MinimumVisualStudioVersion = 10.0.40219.1
Project("{FAE04EC0-301F-11D3-BF4B-00C04F79EFBC}") = "RazorCrudScaffold", "RazorCrudScaffold\RazorCrudScaffold.csproj", "{23A0D3D3-FB19-4D88-AD61-90A02A8BFD8E}"
EndProject
Global
	GlobalSection(SolutionConfigurationPlatforms) = preSolution
		Debug|Any CPU = Debug|Any CPU
		Release|Any CPU = Release|Any CPU
	EndGlobalSection
	GlobalSection(ProjectConfigurationPlatforms) = postSolution
		{23A0D3D3-FB19-4D88-AD61-90A02A8BFD8E}.Debug|Any CPU.ActiveCfg = Debug|Any CPU
		{23A0D3D3-FB19-4D88-AD61-90A02A8BFD8E}.Debug|Any CPU.Build.0 = Debug|Any CPU
		{23A0D3D3-FB19-4D88-AD61-90A02A8BFD8E}.Release|Any CPU.ActiveCfg = Release|Any CPU
		{23A0D3D3-FB19-4D88-AD61-90A02A8BFD8E}.Release|Any CPU.Build.0 = Release|Any CPU
	EndGlobalSection
	GlobalSection(SolutionProperties) = preSolution
		HideSolutionNode = FALSE
	EndGlobalSection
	GlobalSection(ExtensibilityGlobals) = postSolution
		SolutionGuid = {C7AE1EBE-8FBD-4611-A624-6BB1CE2A7055}
	EndGlobalSection
EndGlobal
